
Microsoft Visual Studio Solution File, Format Version 12.00
# Visual Studio Version 16
VisualStudioVersion = 16.0.29306.81
MinimumVisualStudioVersion = 10.0.40219.1
Project("{FAE04EC0-301F-11D3-BF4B-00C04F79EFBC}") = "SudokuLogic", "SudokuLogic.csproj", "{F1F7D925-3F35-4F3D-B61D-8826FBF4E3CF}"
EndProject
Project("{FAE04EC0-301F-11D3-BF4B-00C04F79EFBC}") = "SudokuServer", "..\SudokuServer\SudokuServer.csproj", "{63232CC8-D834-4868-A774-3BB904195463}"
EndProject
Global
	GlobalSection(SolutionConfigurationPlatforms) = preSolution
		Debug|Any CPU = Debug|Any CPU
		Release|Any CPU = Release|Any CPU
	EndGlobalSection
	GlobalSection(ProjectConfigurationPlatforms) = postSolution
		{F1F7D925-3F35-4F3D-B61D-8826FBF4E3CF}.Debug|Any CPU.ActiveCfg = Debug|Any CPU
		{F1F7D925-3F35-4F3D-B61D-8826FBF4E3CF}.Debug|Any CPU.Build.0 = Debug|Any CPU
		{F1F7D925-3F35-4F3D-B61D-8826FBF4E3CF}.Release|Any CPU.ActiveCfg = Release|Any CPU
		{F1F7D925-3F35-4F3D-B61D-8826FBF4E3CF}.Release|Any CPU.Build.0 = Release|Any CPU
		{63232CC8-D834-4868-A774-3BB904195463}.Debug|Any CPU.ActiveCfg = Debug|Any CPU
		{63232CC8-D834-4868-A774-3BB904195463}.Debug|Any CPU.Build.0 = Debug|Any CPU
		{63232CC8-D834-4868-A774-3BB904195463}.Release|Any CPU.ActiveCfg = Release|Any CPU
		{63232CC8-D834-4868-A774-3BB904195463}.Release|Any CPU.Build.0 = Release|Any CPU
	EndGlobalSection
	GlobalSection(SolutionProperties) = preSolution
		HideSolutionNode = FALSE
	EndGlobalSection
	GlobalSection(ExtensibilityGlobals) = postSolution
		SolutionGuid = {0124B253-1FEB-4F9A-AF83-BC0164298349}
	EndGlobalSection
EndGlobal
